
Microsoft Visual Studio Solution File, Format Version 12.00
# Visual Studio Version 16
VisualStudioVersion = 16.0.29503.13
MinimumVisualStudioVersion = 10.0.40219.1
Project("{FAE04EC0-301F-11D3-BF4B-00C04F79EFBC}") = "Collector", "Collector\Collector.csproj", "{B504445F-63EF-4A5F-95E9-859B3C1400D4}"
EndProject
Global
	GlobalSection(SolutionConfigurationPlatforms) = preSolution
		Debug|Any CPU = Debug|Any CPU
		Release|Any CPU = Release|Any CPU
	EndGlobalSection
	GlobalSection(ProjectConfigurationPlatforms) = postSolution
		{B504445F-63EF-4A5F-95E9-859B3C1400D4}.Debug|Any CPU.ActiveCfg = Debug|Any CPU
		{B504445F-63EF-4A5F-95E9-859B3C1400D4}.Debug|Any CPU.Build.0 = Debug|Any CPU
		{B504445F-63EF-4A5F-95E9-859B3C1400D4}.Release|Any CPU.ActiveCfg = Release|Any CPU
		{B504445F-63EF-4A5F-95E9-859B3C1400D4}.Release|Any CPU.Build.0 = Release|Any CPU
	EndGlobalSection
	GlobalSection(SolutionProperties) = preSolution
		HideSolutionNode = FALSE
	EndGlobalSection
	GlobalSection(ExtensibilityGlobals) = postSolution
		SolutionGuid = {EF38FB8A-FDF4-4896-AC6C-D332EB2AD795}
	EndGlobalSection
EndGlobal
